
Microsoft Visual Studio Solution File, Format Version 12.00
# Visual Studio Version 17
VisualStudioVersion = 17.12.35527.113
MinimumVisualStudioVersion = 10.0.40219.1
Project("{FAE04EC0-301F-11D3-BF4B-00C04F79EFBC}") = "Standard", "Standard\Standard.csproj", "{00B16F05-3C23-450E-8C18-92FE028B46F9}"
EndProject
Project("{FAE04EC0-301F-11D3-BF4B-00C04F79EFBC}") = "SignalR", "SignalR\SignalR.csproj", "{3E97C8BD-2F55-4309-9B10-411EA98A47F0}"
EndProject
Project("{FAE04EC0-301F-11D3-BF4B-00C04F79EFBC}") = "Terminal", "Terminal\Terminal.csproj", "{B17CD9D3-17A8-4177-A836-4DD884DBBF9A}"
EndProject
Project("{FAE04EC0-301F-11D3-BF4B-00C04F79EFBC}") = "Service", "Service\Service.csproj", "{AF87BCC7-69DD-47B7-BBD2-A3E62F4EEB0F}"
EndProject
Project("{FAE04EC0-301F-11D3-BF4B-00C04F79EFBC}") = "Portal", "Portal\Portal.csproj", "{F213BF62-0CDA-4B23-A3D3-59312F7C9E54}"
EndProject
Project("{FAE04EC0-301F-11D3-BF4B-00C04F79EFBC}") = "Secret", "Secret\Secret.csproj", "{13C9FC0A-8ED1-4317-AD49-07F0F7FDA1EC}"
EndProject
Global
	GlobalSection(SolutionConfigurationPlatforms) = preSolution
		Debug|Any CPU = Debug|Any CPU
		Release|Any CPU = Release|Any CPU
	EndGlobalSection
	GlobalSection(ProjectConfigurationPlatforms) = postSolution
		{00B16F05-3C23-450E-8C18-92FE028B46F9}.Debug|Any CPU.ActiveCfg = Debug|Any CPU
		{00B16F05-3C23-450E-8C18-92FE028B46F9}.Debug|Any CPU.Build.0 = Debug|Any CPU
		{00B16F05-3C23-450E-8C18-92FE028B46F9}.Release|Any CPU.ActiveCfg = Release|Any CPU
		{00B16F05-3C23-450E-8C18-92FE028B46F9}.Release|Any CPU.Build.0 = Release|Any CPU
		{3E97C8BD-2F55-4309-9B10-411EA98A47F0}.Debug|Any CPU.ActiveCfg = Debug|Any CPU
		{3E97C8BD-2F55-4309-9B10-411EA98A47F0}.Debug|Any CPU.Build.0 = Debug|Any CPU
		{3E97C8BD-2F55-4309-9B10-411EA98A47F0}.Release|Any CPU.ActiveCfg = Release|Any CPU
		{3E97C8BD-2F55-4309-9B10-411EA98A47F0}.Release|Any CPU.Build.0 = Release|Any CPU
		{B17CD9D3-17A8-4177-A836-4DD884DBBF9A}.Debug|Any CPU.ActiveCfg = Debug|Any CPU
		{B17CD9D3-17A8-4177-A836-4DD884DBBF9A}.Debug|Any CPU.Build.0 = Debug|Any CPU
		{B17CD9D3-17A8-4177-A836-4DD884DBBF9A}.Release|Any CPU.ActiveCfg = Release|Any CPU
		{B17CD9D3-17A8-4177-A836-4DD884DBBF9A}.Release|Any CPU.Build.0 = Release|Any CPU
		{AF87BCC7-69DD-47B7-BBD2-A3E62F4EEB0F}.Debug|Any CPU.ActiveCfg = Debug|Any CPU
		{AF87BCC7-69DD-47B7-BBD2-A3E62F4EEB0F}.Debug|Any CPU.Build.0 = Debug|Any CPU
		{AF87BCC7-69DD-47B7-BBD2-A3E62F4EEB0F}.Release|Any CPU.ActiveCfg = Release|Any CPU
		{AF87BCC7-69DD-47B7-BBD2-A3E62F4EEB0F}.Release|Any CPU.Build.0 = Release|Any CPU
		{F213BF62-0CDA-4B23-A3D3-59312F7C9E54}.Debug|Any CPU.ActiveCfg = Debug|Any CPU
		{F213BF62-0CDA-4B23-A3D3-59312F7C9E54}.Debug|Any CPU.Build.0 = Debug|Any CPU
		{F213BF62-0CDA-4B23-A3D3-59312F7C9E54}.Release|Any CPU.ActiveCfg = Release|Any CPU
		{F213BF62-0CDA-4B23-A3D3-59312F7C9E54}.Release|Any CPU.Build.0 = Release|Any CPU
		{13C9FC0A-8ED1-4317-AD49-07F0F7FDA1EC}.Debug|Any CPU.ActiveCfg = Debug|Any CPU
		{13C9FC0A-8ED1-4317-AD49-07F0F7FDA1EC}.Debug|Any CPU.Build.0 = Debug|Any CPU
		{13C9FC0A-8ED1-4317-AD49-07F0F7FDA1EC}.Release|Any CPU.ActiveCfg = Release|Any CPU
		{13C9FC0A-8ED1-4317-AD49-07F0F7FDA1EC}.Release|Any CPU.Build.0 = Release|Any CPU
	EndGlobalSection
	GlobalSection(SolutionProperties) = preSolution
		HideSolutionNode = FALSE
	EndGlobalSection
EndGlobal
